
Microsoft Visual Studio Solution File, Format Version 12.00
# Visual Studio 14
VisualStudioVersion = 14.0.25420.1
MinimumVisualStudioVersion = 10.0.40219.1
Project("{8BC9CEB8-8B4A-11D0-8D11-00A0C91BC942}") = "ParticleSystem", "ParticleSystem\ParticleSystem.vcxproj", "{4E0470C7-061E-414C-84AF-40BB9B4D74F5}"
EndProject
Project("{8BC9CEB8-8B4A-11D0-8D11-00A0C91BC942}") = "ParticleSystemExampleApp", "ParticleSystemExampleApp\ParticleSystemExampleApp.vcxproj", "{8AD09424-16BA-4A96-A75F-E75B26932E06}"
EndProject
Project("{8BC9CEB8-8B4A-11D0-8D11-00A0C91BC942}") = "TestParticleSystem", "TestParticleSystem\TestParticleSystem.vcxproj", "{AA16008A-4F8A-448A-AF72-193E1F07F294}"
EndProject
Global
	GlobalSection(SolutionConfigurationPlatforms) = preSolution
		Debug|x64 = Debug|x64
		Debug|x86 = Debug|x86
		Release|x64 = Release|x64
		Release|x86 = Release|x86
	EndGlobalSection
	GlobalSection(ProjectConfigurationPlatforms) = postSolution
		{4E0470C7-061E-414C-84AF-40BB9B4D74F5}.Debug|x64.ActiveCfg = Debug|x64
		{4E0470C7-061E-414C-84AF-40BB9B4D74F5}.Debug|x64.Build.0 = Debug|x64
		{4E0470C7-061E-414C-84AF-40BB9B4D74F5}.Debug|x86.ActiveCfg = Debug|Win32
		{4E0470C7-061E-414C-84AF-40BB9B4D74F5}.Debug|x86.Build.0 = Debug|Win32
		{4E0470C7-061E-414C-84AF-40BB9B4D74F5}.Release|x64.ActiveCfg = Release|x64
		{4E0470C7-061E-414C-84AF-40BB9B4D74F5}.Release|x64.Build.0 = Release|x64
		{4E0470C7-061E-414C-84AF-40BB9B4D74F5}.Release|x86.ActiveCfg = Release|Win32
		{4E0470C7-061E-414C-84AF-40BB9B4D74F5}.Release|x86.Build.0 = Release|Win32
		{8AD09424-16BA-4A96-A75F-E75B26932E06}.Debug|x64.ActiveCfg = Debug|x64
		{8AD09424-16BA-4A96-A75F-E75B26932E06}.Debug|x64.Build.0 = Debug|x64
		{8AD09424-16BA-4A96-A75F-E75B26932E06}.Debug|x86.ActiveCfg = Debug|Win32
		{8AD09424-16BA-4A96-A75F-E75B26932E06}.Debug|x86.Build.0 = Debug|Win32
		{8AD09424-16BA-4A96-A75F-E75B26932E06}.Release|x64.ActiveCfg = Release|x64
		{8AD09424-16BA-4A96-A75F-E75B26932E06}.Release|x64.Build.0 = Release|x64
		{8AD09424-16BA-4A96-A75F-E75B26932E06}.Release|x86.ActiveCfg = Release|Win32
		{8AD09424-16BA-4A96-A75F-E75B26932E06}.Release|x86.Build.0 = Release|Win32
		{AA16008A-4F8A-448A-AF72-193E1F07F294}.Debug|x64.ActiveCfg = Debug|x64
		{AA16008A-4F8A-448A-AF72-193E1F07F294}.Debug|x64.Build.0 = Debug|x64
		{AA16008A-4F8A-448A-AF72-193E1F07F294}.Debug|x86.ActiveCfg = Debug|Win32
		{AA16008A-4F8A-448A-AF72-193E1F07F294}.Debug|x86.Build.0 = Debug|Win32
		{AA16008A-4F8A-448A-AF72-193E1F07F294}.Release|x64.ActiveCfg = Release|x64
		{AA16008A-4F8A-448A-AF72-193E1F07F294}.Release|x64.Build.0 = Release|x64
		{AA16008A-4F8A-448A-AF72-193E1F07F294}.Release|x86.ActiveCfg = Release|Win32
		{AA16008A-4F8A-448A-AF72-193E1F07F294}.Release|x86.Build.0 = Release|Win32
	EndGlobalSection
	GlobalSection(SolutionProperties) = preSolution
		HideSolutionNode = FALSE
	EndGlobalSection
EndGlobal
